{
  "name": "cli-args-parser-kata",
  "version": "0.0.0-private",
  "lockfileVersion": 1,
  "requires": true,
  "dependencies": {
    "m.test": {
      "version": "0.0.57",
      "resolved": "https://registry.npmjs.org/m.test/-/m.test-0.0.57.tgz",
      "integrity": "sha1-gZR+HWvZee3U1zVBzjLt06ekJd4=",
      "dev": true
    }
  }
}
